// !$*UTF8*$!
{
	archiveVersion = 1;
	classes = {
	};
	objectVersion = 46;
	objects = {

/* Begin PBXBuildFile section */
		89DBF20A15EDFB6000B91356 /* UIKit.framework in Frameworks */ = {isa = PBXBuildFile; fileRef = 89DBF20915EDFB6000B91356 /* UIKit.framework */; };
		89DBF20C15EDFB6000B91356 /* Foundation.framework in Frameworks */ = {isa = PBXBuildFile; fileRef = 89DBF20B15EDFB6000B91356 /* Foundation.framework */; };
		89DBF20E15EDFB6000B91356 /* CoreGraphics.framework in Frameworks */ = {isa = PBXBuildFile; fileRef = 89DBF20D15EDFB6000B91356 /* CoreGraphics.framework */; };
		89DBF21415EDFB6000B91356 /* InfoPlist.strings in Resources */ = {isa = PBXBuildFile; fileRef = 89DBF21215EDFB6000B91356 /* InfoPlist.strings */; };
		89DBF21615EDFB6000B91356 /* main.m in Sources */ = {isa = PBXBuildFile; fileRef = 89DBF21515EDFB6000B91356 /* main.m */; };
		89DBF21A15EDFB6000B91356 /* AppDelegate.m in Sources */ = {isa = PBXBuildFile; fileRef = 89DBF21915EDFB6000B91356 /* AppDelegate.m */; };
		89DBF21D15EDFB6000B91356 /* MainStoryboard_iPhone.storyboard in Resources */ = {isa = PBXBuildFile; fileRef = 89DBF21B15EDFB6000B91356 /* MainStoryboard_iPhone.storyboard */; };
		89DBF22015EDFB6000B91356 /* MainStoryboard_iPad.storyboard in Resources */ = {isa = PBXBuildFile; fileRef = 89DBF21E15EDFB6000B91356 /* MainStoryboard_iPad.storyboard */; };
		89DBF22315EDFB6000B91356 /* MasterViewController.m in Sources */ = {isa = PBXBuildFile; fileRef = 89DBF22215EDFB6000B91356 /* MasterViewController.m */; };
		89DBF22615EDFB6000B91356 /* DetailViewController.m in Sources */ = {isa = PBXBuildFile; fileRef = 89DBF22515EDFB6000B91356 /* DetailViewController.m */; };
		89DBF22E15EDFB6100B91356 /* SenTestingKit.framework in Frameworks */ = {isa = PBXBuildFile; fileRef = 89DBF22D15EDFB6100B91356 /* SenTestingKit.framework */; };
		89DBF22F15EDFB6100B91356 /* UIKit.framework in Frameworks */ = {isa = PBXBuildFile; fileRef = 89DBF20915EDFB6000B91356 /* UIKit.framework */; };
		89DBF23015EDFB6100B91356 /* Foundation.framework in Frameworks */ = {isa = PBXBuildFile; fileRef = 89DBF20B15EDFB6000B91356 /* Foundation.framework */; };
		89DBF23815EDFB6100B91356 /* InfoPlist.strings in Resources */ = {isa = PBXBuildFile; fileRef = 89DBF23615EDFB6100B91356 /* InfoPlist.strings */; };
		89DBF23B15EDFB6100B91356 /* prueba_repositorio_2_ya_conectadoTests.m in Sources */ = {isa = PBXBuildFile; fileRef = 89DBF23A15EDFB6100B91356 /* prueba_repositorio_2_ya_conectadoTests.m */; };
/* End PBXBuildFile section */

/* Begin PBXContainerItemProxy section */
		89DBF23115EDFB6100B91356 /* PBXContainerItemProxy */ = {
			isa = PBXContainerItemProxy;
			containerPortal = 89DBF1FC15EDFB6000B91356 /* Project object */;
			proxyType = 1;
			remoteGlobalIDString = 89DBF20415EDFB6000B91356;
			remoteInfo = "prueba repositorio 2 ya conectado";
		};
/* End PBXContainerItemProxy section */

/* Begin PBXFileReference section */
		89DBF20515EDFB6000B91356 /* prueba repositorio 2 ya conectado.app */ = {isa = PBXFileReference; explicitFileType = wrapper.application; includeInIndex = 0; path = "prueba repositorio 2 ya conectado.app"; sourceTree = BUILT_PRODUCTS_DIR; };
		89DBF20915EDFB6000B91356 /* UIKit.framework */ = {isa = PBXFileReference; lastKnownFileType = wrapper.framework; name = UIKit.framework; path = System/Library/Frameworks/UIKit.framework; sourceTree = SDKROOT; };
		89DBF20B15EDFB6000B91356 /* Foundation.framework */ = {isa = PBXFileReference; lastKnownFileType = wrapper.framework; name = Foundation.framework; path = System/Library/Frameworks/Foundation.framework; sourceTree = SDKROOT; };
		89DBF20D15EDFB6000B91356 /* CoreGraphics.framework */ = {isa = PBXFileReference; lastKnownFileType = wrapper.framework; name = CoreGraphics.framework; path = System/Library/Frameworks/CoreGraphics.framework; sourceTree = SDKROOT; };
		89DBF21115EDFB6000B91356 /* prueba repositorio 2 ya conectado-Info.plist */ = {isa = PBXFileReference; lastKnownFileType = text.plist.xml; path = "prueba repositorio 2 ya conectado-Info.plist"; sourceTree = "<group>"; };
		89DBF21315EDFB6000B91356 /* en */ = {isa = PBXFileReference; lastKnownFileType = text.plist.strings; name = en; path = en.lproj/InfoPlist.strings; sourceTree = "<group>"; };
		89DBF21515EDFB6000B91356 /* main.m */ = {isa = PBXFileReference; lastKnownFileType = sourcecode.c.objc; path = main.m; sourceTree = "<group>"; };
		89DBF21715EDFB6000B91356 /* prueba repositorio 2 ya conectado-Prefix.pch */ = {isa = PBXFileReference; lastKnownFileType = sourcecode.c.h; path = "prueba repositorio 2 ya conectado-Prefix.pch"; sourceTree = "<group>"; };
		89DBF21815EDFB6000B91356 /* AppDelegate.h */ = {isa = PBXFileReference; lastKnownFileType = sourcecode.c.h; path = AppDelegate.h; sourceTree = "<group>"; };
		89DBF21915EDFB6000B91356 /* AppDelegate.m */ = {isa = PBXFileReference; lastKnownFileType = sourcecode.c.objc; path = AppDelegate.m; sourceTree = "<group>"; };
		89DBF21C15EDFB6000B91356 /* en */ = {isa = PBXFileReference; lastKnownFileType = file.storyboard; name = en; path = en.lproj/MainStoryboard_iPhone.storyboard; sourceTree = "<group>"; };
		89DBF21F15EDFB6000B91356 /* en */ = {isa = PBXFileReference; lastKnownFileType = file.storyboard; name = en; path = en.lproj/MainStoryboard_iPad.storyboard; sourceTree = "<group>"; };
		89DBF22115EDFB6000B91356 /* MasterViewController.h */ = {isa = PBXFileReference; lastKnownFileType = sourcecode.c.h; path = MasterViewController.h; sourceTree = "<group>"; };
		89DBF22215EDFB6000B91356 /* MasterViewController.m */ = {isa = PBXFileReference; lastKnownFileType = sourcecode.c.objc; path = MasterViewController.m; sourceTree = "<group>"; };
		89DBF22415EDFB6000B91356 /* DetailViewController.h */ = {isa = PBXFileReference; lastKnownFileType = sourcecode.c.h; path = DetailViewController.h; sourceTree = "<group>"; };
		89DBF22515EDFB6000B91356 /* DetailViewController.m */ = {isa = PBXFileReference; lastKnownFileType = sourcecode.c.objc; path = DetailViewController.m; sourceTree = "<group>"; };
		89DBF22C15EDFB6100B91356 /* prueba repositorio 2 ya conectadoTests.octest */ = {isa = PBXFileReference; explicitFileType = wrapper.cfbundle; includeInIndex = 0; path = "prueba repositorio 2 ya conectadoTests.octest"; sourceTree = BUILT_PRODUCTS_DIR; };
		89DBF22D15EDFB6100B91356 /* SenTestingKit.framework */ = {isa = PBXFileReference; lastKnownFileType = wrapper.framework; name = SenTestingKit.framework; path = Library/Frameworks/SenTestingKit.framework; sourceTree = DEVELOPER_DIR; };
		89DBF23515EDFB6100B91356 /* prueba repositorio 2 ya conectadoTests-Info.plist */ = {isa = PBXFileReference; lastKnownFileType = text.plist.xml; path = "prueba repositorio 2 ya conectadoTests-Info.plist"; sourceTree = "<group>"; };
		89DBF23715EDFB6100B91356 /* en */ = {isa = PBXFileReference; lastKnownFileType = text.plist.strings; name = en; path = en.lproj/InfoPlist.strings; sourceTree = "<group>"; };
		89DBF23915EDFB6100B91356 /* prueba_repositorio_2_ya_conectadoTests.h */ = {isa = PBXFileReference; lastKnownFileType = sourcecode.c.h; path = prueba_repositorio_2_ya_conectadoTests.h; sourceTree = "<group>"; };
		89DBF23A15EDFB6100B91356 /* prueba_repositorio_2_ya_conectadoTests.m */ = {isa = PBXFileReference; lastKnownFileType = sourcecode.c.objc; path = prueba_repositorio_2_ya_conectadoTests.m; sourceTree = "<group>"; };
/* End PBXFileReference section */

/* Begin PBXFrameworksBuildPhase section */
		89DBF20215EDFB6000B91356 /* Frameworks */ = {
			isa = PBXFrameworksBuildPhase;
			buildActionMask = 2147483647;
			files = (
				89DBF20A15EDFB6000B91356 /* UIKit.framework in Frameworks */,
				89DBF20C15EDFB6000B91356 /* Foundation.framework in Frameworks */,
				89DBF20E15EDFB6000B91356 /* CoreGraphics.framework in Frameworks */,
			);
			runOnlyForDeploymentPostprocessing = 0;
		};
		89DBF22815EDFB6100B91356 /* Frameworks */ = {
			isa = PBXFrameworksBuildPhase;
			buildActionMask = 2147483647;
			files = (
				89DBF22E15EDFB6100B91356 /* SenTestingKit.framework in Frameworks */,
				89DBF22F15EDFB6100B91356 /* UIKit.framework in Frameworks */,
				89DBF23015EDFB6100B91356 /* Foundation.framework in Frameworks */,
			);
			runOnlyForDeploymentPostprocessing = 0;
		};
/* End PBXFrameworksBuildPhase section */

/* Begin PBXGroup section */
		89DBF1FA15EDFB6000B91356 = {
			isa = PBXGroup;
			children = (
				89DBF20F15EDFB6000B91356 /* prueba repositorio 2 ya conectado */,
				89DBF23315EDFB6100B91356 /* prueba repositorio 2 ya conectadoTests */,
				89DBF20815EDFB6000B91356 /* Frameworks */,
				89DBF20615EDFB6000B91356 /* Products */,
			);
			sourceTree = "<group>";
		};
		89DBF20615EDFB6000B91356 /* Products */ = {
			isa = PBXGroup;
			children = (
				89DBF20515EDFB6000B91356 /* prueba repositorio 2 ya conectado.app */,
				89DBF22C15EDFB6100B91356 /* prueba repositorio 2 ya conectadoTests.octest */,
			);
			name = Products;
			sourceTree = "<group>";
		};
		89DBF20815EDFB6000B91356 /* Frameworks */ = {
			isa = PBXGroup;
			children = (
				89DBF20915EDFB6000B91356 /* UIKit.framework */,
				89DBF20B15EDFB6000B91356 /* Foundation.framework */,
				89DBF20D15EDFB6000B91356 /* CoreGraphics.framework */,
				89DBF22D15EDFB6100B91356 /* SenTestingKit.framework */,
			);
			name = Frameworks;
			sourceTree = "<group>";
		};
		89DBF20F15EDFB6000B91356 /* prueba repositorio 2 ya conectado */ = {
			isa = PBXGroup;
			children = (
				89DBF21815EDFB6000B91356 /* AppDelegate.h */,
				89DBF21915EDFB6000B91356 /* AppDelegate.m */,
				89DBF21B15EDFB6000B91356 /* MainStoryboard_iPhone.storyboard */,
				89DBF21E15EDFB6000B91356 /* MainStoryboard_iPad.storyboard */,
				89DBF22115EDFB6000B91356 /* MasterViewController.h */,
				89DBF22215EDFB6000B91356 /* MasterViewController.m */,
				89DBF22415EDFB6000B91356 /* DetailViewController.h */,
				89DBF22515EDFB6000B91356 /* DetailViewController.m */,
				89DBF21015EDFB6000B91356 /* Supporting Files */,
			);
			path = "prueba repositorio 2 ya conectado";
			sourceTree = "<group>";
		};
		89DBF21015EDFB6000B91356 /* Supporting Files */ = {
			isa = PBXGroup;
			children = (
				89DBF21115EDFB6000B91356 /* prueba repositorio 2 ya conectado-Info.plist */,
				89DBF21215EDFB6000B91356 /* InfoPlist.strings */,
				89DBF21515EDFB6000B91356 /* main.m */,
				89DBF21715EDFB6000B91356 /* prueba repositorio 2 ya conectado-Prefix.pch */,
			);
			name = "Supporting Files";
			sourceTree = "<group>";
		};
		89DBF23315EDFB6100B91356 /* prueba repositorio 2 ya conectadoTests */ = {
			isa = PBXGroup;
			children = (
				89DBF23915EDFB6100B91356 /* prueba_repositorio_2_ya_conectadoTests.h */,
				89DBF23A15EDFB6100B91356 /* prueba_repositorio_2_ya_conectadoTests.m */,
				89DBF23415EDFB6100B91356 /* Supporting Files */,
			);
			path = "prueba repositorio 2 ya conectadoTests";
			sourceTree = "<group>";
		};
		89DBF23415EDFB6100B91356 /* Supporting Files */ = {
			isa = PBXGroup;
			children = (
				89DBF23515EDFB6100B91356 /* prueba repositorio 2 ya conectadoTests-Info.plist */,
				89DBF23615EDFB6100B91356 /* InfoPlist.strings */,
			);
			name = "Supporting Files";
			sourceTree = "<group>";
		};
/* End PBXGroup section */

/* Begin PBXNativeTarget section */
		89DBF20415EDFB6000B91356 /* prueba repositorio 2 ya conectado */ = {
			isa = PBXNativeTarget;
			buildConfigurationList = 89DBF23E15EDFB6100B91356 /* Build configuration list for PBXNativeTarget "prueba repositorio 2 ya conectado" */;
			buildPhases = (
				89DBF20115EDFB6000B91356 /* Sources */,
				89DBF20215EDFB6000B91356 /* Frameworks */,
				89DBF20315EDFB6000B91356 /* Resources */,
			);
			buildRules = (
			);
			dependencies = (
			);
			name = "prueba repositorio 2 ya conectado";
			productName = "prueba repositorio 2 ya conectado";
			productReference = 89DBF20515EDFB6000B91356 /* prueba repositorio 2 ya conectado.app */;
			productType = "com.apple.product-type.application";
		};
		89DBF22B15EDFB6100B91356 /* prueba repositorio 2 ya conectadoTests */ = {
			isa = PBXNativeTarget;
			buildConfigurationList = 89DBF24115EDFB6100B91356 /* Build configuration list for PBXNativeTarget "prueba repositorio 2 ya conectadoTests" */;
			buildPhases = (
				89DBF22715EDFB6100B91356 /* Sources */,
				89DBF22815EDFB6100B91356 /* Frameworks */,
				89DBF22915EDFB6100B91356 /* Resources */,
				89DBF22A15EDFB6100B91356 /* ShellScript */,
			);
			buildRules = (
			);
			dependencies = (
				89DBF23215EDFB6100B91356 /* PBXTargetDependency */,
			);
			name = "prueba repositorio 2 ya conectadoTests";
			productName = "prueba repositorio 2 ya conectadoTests";
			productReference = 89DBF22C15EDFB6100B91356 /* prueba repositorio 2 ya conectadoTests.octest */;
			productType = "com.apple.product-type.bundle";
		};
/* End PBXNativeTarget section */

/* Begin PBXProject section */
		89DBF1FC15EDFB6000B91356 /* Project object */ = {
			isa = PBXProject;
			attributes = {
				LastUpgradeCheck = 0440;
				ORGANIZATIONNAME = "felix sanhueza";
			};
			buildConfigurationList = 89DBF1FF15EDFB6000B91356 /* Build configuration list for PBXProject "prueba repositorio 2 ya conectado" */;
			compatibilityVersion = "Xcode 3.2";
			developmentRegion = English;
			hasScannedForEncodings = 0;
			knownRegions = (
				en,
			);
			mainGroup = 89DBF1FA15EDFB6000B91356;
			productRefGroup = 89DBF20615EDFB6000B91356 /* Products */;
			projectDirPath = "";
			projectRoot = "";
			targets = (
				89DBF20415EDFB6000B91356 /* prueba repositorio 2 ya conectado */,
				89DBF22B15EDFB6100B91356 /* prueba repositorio 2 ya conectadoTests */,
			);
		};
/* End PBXProject section */

/* Begin PBXResourcesBuildPhase section */
		89DBF20315EDFB6000B91356 /* Resources */ = {
			isa = PBXResourcesBuildPhase;
			buildActionMask = 2147483647;
			files = (
				89DBF21415EDFB6000B91356 /* InfoPlist.strings in Resources */,
				89DBF21D15EDFB6000B91356 /* MainStoryboard_iPhone.storyboard in Resources */,
				89DBF22015EDFB6000B91356 /* MainStoryboard_iPad.storyboard in Resources */,
			);
			runOnlyForDeploymentPostprocessing = 0;
		};
		89DBF22915EDFB6100B91356 /* Resources */ = {
			isa = PBXResourcesBuildPhase;
			buildActionMask = 2147483647;
			files = (
				89DBF23815EDFB6100B91356 /* InfoPlist.strings in Resources */,
			);
			runOnlyForDeploymentPostprocessing = 0;
		};
/* End PBXResourcesBuildPhase section */

/* Begin PBXShellScriptBuildPhase section */
		89DBF22A15EDFB6100B91356 /* ShellScript */ = {
			isa = PBXShellScriptBuildPhase;
			buildActionMask = 2147483647;
			files = (
			);
			inputPaths = (
			);
			outputPaths = (
			);
			runOnlyForDeploymentPostprocessing = 0;
			shellPath = /bin/sh;
			shellScript = "# Run the unit tests in this test bundle.\n\"${SYSTEM_DEVELOPER_DIR}/Tools/RunUnitTests\"\n";
		};
/* End PBXShellScriptBuildPhase section */

/* Begin PBXSourcesBuildPhase section */
		89DBF20115EDFB6000B91356 /* Sources */ = {
			isa = PBXSourcesBuildPhase;
			buildActionMask = 2147483647;
			files = (
				89DBF21615EDFB6000B91356 /* main.m in Sources */,
				89DBF21A15EDFB6000B91356 /* AppDelegate.m in Sources */,
				89DBF22315EDFB6000B91356 /* MasterViewController.m in Sources */,
				89DBF22615EDFB6000B91356 /* DetailViewController.m in Sources */,
			);
			runOnlyForDeploymentPostprocessing = 0;
		};
		89DBF22715EDFB6100B91356 /* Sources */ = {
			isa = PBXSourcesBuildPhase;
			buildActionMask = 2147483647;
			files = (
				89DBF23B15EDFB6100B91356 /* prueba_repositorio_2_ya_conectadoTests.m in Sources */,
			);
			runOnlyForDeploymentPostprocessing = 0;
		};
/* End PBXSourcesBuildPhase section */

/* Begin PBXTargetDependency section */
		89DBF23215EDFB6100B91356 /* PBXTargetDependency */ = {
			isa = PBXTargetDependency;
			target = 89DBF20415EDFB6000B91356 /* prueba repositorio 2 ya conectado */;
			targetProxy = 89DBF23115EDFB6100B91356 /* PBXContainerItemProxy */;
		};
/* End PBXTargetDependency section */

/* Begin PBXVariantGroup section */
		89DBF21215EDFB6000B91356 /* InfoPlist.strings */ = {
			isa = PBXVariantGroup;
			children = (
				89DBF21315EDFB6000B91356 /* en */,
			);
			name = InfoPlist.strings;
			sourceTree = "<group>";
		};
		89DBF21B15EDFB6000B91356 /* MainStoryboard_iPhone.storyboard */ = {
			isa = PBXVariantGroup;
			children = (
				89DBF21C15EDFB6000B91356 /* en */,
			);
			name = MainStoryboard_iPhone.storyboard;
			sourceTree = "<group>";
		};
		89DBF21E15EDFB6000B91356 /* MainStoryboard_iPad.storyboard */ = {
			isa = PBXVariantGroup;
			children = (
				89DBF21F15EDFB6000B91356 /* en */,
			);
			name = MainStoryboard_iPad.storyboard;
			sourceTree = "<group>";
		};
		89DBF23615EDFB6100B91356 /* InfoPlist.strings */ = {
			isa = PBXVariantGroup;
			children = (
				89DBF23715EDFB6100B91356 /* en */,
			);
			name = InfoPlist.strings;
			sourceTree = "<group>";
		};
/* End PBXVariantGroup section */

/* Begin XCBuildConfiguration section */
		89DBF23C15EDFB6100B91356 /* Debug */ = {
			isa = XCBuildConfiguration;
			buildSettings = {
				ALWAYS_SEARCH_USER_PATHS = NO;
				ARCHS = "$(ARCHS_STANDARD_32_BIT)";
				CLANG_CXX_LANGUAGE_STANDARD = "gnu++0x";
				CLANG_ENABLE_OBJC_ARC = YES;
				CLANG_WARN__DUPLICATE_METHOD_MATCH = YES;
				"CODE_SIGN_IDENTITY[sdk=iphoneos*]" = "iPhone Developer";
				COPY_PHASE_STRIP = NO;
				GCC_C_LANGUAGE_STANDARD = gnu99;
				GCC_DYNAMIC_NO_PIC = NO;
				GCC_OPTIMIZATION_LEVEL = 0;
				GCC_PREPROCESSOR_DEFINITIONS = (
					"DEBUG=1",
					"$(inherited)",
				);
				GCC_SYMBOLS_PRIVATE_EXTERN = NO;
				GCC_VERSION = com.apple.compilers.llvm.clang.1_0;
				GCC_WARN_ABOUT_RETURN_TYPE = YES;
				GCC_WARN_UNINITIALIZED_AUTOS = YES;
				GCC_WARN_UNUSED_VARIABLE = YES;
				IPHONEOS_DEPLOYMENT_TARGET = 5.1;
				SDKROOT = iphoneos;
				TARGETED_DEVICE_FAMILY = "1,2";
			};
			name = Debug;
		};
		89DBF23D15EDFB6100B91356 /* Release */ = {
			isa = XCBuildConfiguration;
			buildSettings = {
				ALWAYS_SEARCH_USER_PATHS = NO;
				ARCHS = "$(ARCHS_STANDARD_32_BIT)";
				CLANG_CXX_LANGUAGE_STANDARD = "gnu++0x";
				CLANG_ENABLE_OBJC_ARC = YES;
				CLANG_WARN__DUPLICATE_METHOD_MATCH = YES;
				"CODE_SIGN_IDENTITY[sdk=iphoneos*]" = "iPhone Developer";
				COPY_PHASE_STRIP = YES;
				GCC_C_LANGUAGE_STANDARD = gnu99;
				GCC_VERSION = com.apple.compilers.llvm.clang.1_0;
				GCC_WARN_ABOUT_RETURN_TYPE = YES;
				GCC_WARN_UNINITIALIZED_AUTOS = YES;
				GCC_WARN_UNUSED_VARIABLE = YES;
				IPHONEOS_DEPLOYMENT_TARGET = 5.1;
				OTHER_CFLAGS = "-DNS_BLOCK_ASSERTIONS=1";
				SDKROOT = iphoneos;
				TARGETED_DEVICE_FAMILY = "1,2";
				VALIDATE_PRODUCT = YES;
			};
			name = Release;
		};
		89DBF23F15EDFB6100B91356 /* Debug */ = {
			isa = XCBuildConfiguration;
			buildSettings = {
				GCC_PRECOMPILE_PREFIX_HEADER = YES;
				GCC_PREFIX_HEADER = "prueba repositorio 2 ya conectado/prueba repositorio 2 ya conectado-Prefix.pch";
				INFOPLIST_FILE = "prueba repositorio 2 ya conectado/prueba repositorio 2 ya conectado-Info.plist";
				PRODUCT_NAME = "$(TARGET_NAME)";
				WRAPPER_EXTENSION = app;
			};
			name = Debug;
		};
		89DBF24015EDFB6100B91356 /* Release */ = {
			isa = XCBuildConfiguration;
			buildSettings = {
				GCC_PRECOMPILE_PREFIX_HEADER = YES;
				GCC_PREFIX_HEADER = "prueba repositorio 2 ya conectado/prueba repositorio 2 ya conectado-Prefix.pch";
				INFOPLIST_FILE = "prueba repositorio 2 ya conectado/prueba repositorio 2 ya conectado-Info.plist";
				PRODUCT_NAME = "$(TARGET_NAME)";
				WRAPPER_EXTENSION = app;
			};
			name = Release;
		};
		89DBF24215EDFB6100B91356 /* Debug */ = {
			isa = XCBuildConfiguration;
			buildSettings = {
				BUNDLE_LOADER = "$(BUILT_PRODUCTS_DIR)/prueba repositorio 2 ya conectado.app/prueba repositorio 2 ya conectado";
				FRAMEWORK_SEARCH_PATHS = (
					"\"$(SDKROOT)/Developer/Library/Frameworks\"",
					"\"$(DEVELOPER_LIBRARY_DIR)/Frameworks\"",
				);
				GCC_PRECOMPILE_PREFIX_HEADER = YES;
				GCC_PREFIX_HEADER = "prueba repositorio 2 ya conectado/prueba repositorio 2 ya conectado-Prefix.pch";
				INFOPLIST_FILE = "prueba repositorio 2 ya conectadoTests/prueba repositorio 2 ya conectadoTests-Info.plist";
				PRODUCT_NAME = "$(TARGET_NAME)";
				TEST_HOST = "$(BUNDLE_LOADER)";
				WRAPPER_EXTENSION = octest;
			};
			name = Debug;
		};
		89DBF24315EDFB6100B91356 /* Release */ = {
			isa = XCBuildConfiguration;
			buildSettings = {
				BUNDLE_LOADER = "$(BUILT_PRODUCTS_DIR)/prueba repositorio 2 ya conectado.app/prueba repositorio 2 ya conectado";
				FRAMEWORK_SEARCH_PATHS = (
					"\"$(SDKROOT)/Developer/Library/Frameworks\"",
					"\"$(DEVELOPER_LIBRARY_DIR)/Frameworks\"",
				);
				GCC_PRECOMPILE_PREFIX_HEADER = YES;
				GCC_PREFIX_HEADER = "prueba repositorio 2 ya conectado/prueba repositorio 2 ya conectado-Prefix.pch";
				INFOPLIST_FILE = "prueba repositorio 2 ya conectadoTests/prueba repositorio 2 ya conectadoTests-Info.plist";
				PRODUCT_NAME = "$(TARGET_NAME)";
				TEST_HOST = "$(BUNDLE_LOADER)";
				WRAPPER_EXTENSION = octest;
			};
			name = Release;
		};
/* End XCBuildConfiguration section */

/* Begin XCConfigurationList section */
		89DBF1FF15EDFB6000B91356 /* Build configuration list for PBXProject "prueba repositorio 2 ya conectado" */ = {
			isa = XCConfigurationList;
			buildConfigurations = (
				89DBF23C15EDFB6100B91356 /* Debug */,
				89DBF23D15EDFB6100B91356 /* Release */,
			);
			defaultConfigurationIsVisible = 0;
			defaultConfigurationName = Release;
		};
		89DBF23E15EDFB6100B91356 /* Build configuration list for PBXNativeTarget "prueba repositorio 2 ya conectado" */ = {
			isa = XCConfigurationList;
			buildConfigurations = (
				89DBF23F15EDFB6100B91356 /* Debug */,
				89DBF24015EDFB6100B91356 /* Release */,
			);
			defaultConfigurationIsVisible = 0;
		};
		89DBF24115EDFB6100B91356 /* Build configuration list for PBXNativeTarget "prueba repositorio 2 ya conectadoTests" */ = {
			isa = XCConfigurationList;
			buildConfigurations = (
				89DBF24215EDFB6100B91356 /* Debug */,
				89DBF24315EDFB6100B91356 /* Release */,
			);
			defaultConfigurationIsVisible = 0;
		};
/* End XCConfigurationList section */
	};
	rootObject = 89DBF1FC15EDFB6000B91356 /* Project object */;
}
